{
  "requires": true,
  "lockfileVersion": 1,
  "dependencies": {
    "@georgedoescode/spline": {
      "version": "1.0.1",
      "resolved": "https://registry.npmjs.org/@georgedoescode/spline/-/spline-1.0.1.tgz",
      "integrity": "sha512-TlNv3mkCxNOrbbKBshZbu54Zf9lLh2b7YZdnynDLYnkagTtWt1ERu5+csWnHsA3uCn6P2OmS8MBLGGDLiKxI+A=="
    },
    "simplex-noise": {
      "version": "2.4.0",
      "resolved": "https://registry.npmjs.org/simplex-noise/-/simplex-noise-2.4.0.tgz",
      "integrity": "sha512-OjyDWm/QZjVbMrPxDVi9b2as+SeNn9EBXlrWVRlFW+TSyWMSXouDryXkQN0vf5YP+QZKobrmkvx1eQYPLtuqfw=="
    }
  }
}
